
Microsoft Visual Studio Solution File, Format Version 12.00
# Visual Studio 15
VisualStudioVersion = 15.0.27703.2035
MinimumVisualStudioVersion = 10.0.40219.1
Project("{FAE04EC0-301F-11D3-BF4B-00C04F79EFBC}") = "SB_Control_Program", "SB_test_win_form\SB_Control_Program.csproj", "{A419BFE7-D06F-45ED-A072-448FFDF5E1E8}"
EndProject
Global
	GlobalSection(SolutionConfigurationPlatforms) = preSolution
		Debug|Any CPU = Debug|Any CPU
		Release|Any CPU = Release|Any CPU
	EndGlobalSection
	GlobalSection(ProjectConfigurationPlatforms) = postSolution
		{A419BFE7-D06F-45ED-A072-448FFDF5E1E8}.Debug|Any CPU.ActiveCfg = Debug|Any CPU
		{A419BFE7-D06F-45ED-A072-448FFDF5E1E8}.Debug|Any CPU.Build.0 = Debug|Any CPU
		{A419BFE7-D06F-45ED-A072-448FFDF5E1E8}.Release|Any CPU.ActiveCfg = Release|Any CPU
		{A419BFE7-D06F-45ED-A072-448FFDF5E1E8}.Release|Any CPU.Build.0 = Release|Any CPU
	EndGlobalSection
	GlobalSection(SolutionProperties) = preSolution
		HideSolutionNode = FALSE
	EndGlobalSection
	GlobalSection(ExtensibilityGlobals) = postSolution
		SolutionGuid = {5D12C7D0-8D77-4599-A3B9-96AD4199A0DD}
	EndGlobalSection
EndGlobal
